Microsoft Visual Studio Solution File, Format Version 11.00
# Visual Studio 2008

Project("{D2E54A8A-0C7E-292E-09E3-2FA0E3A8B2F7}") = "DiveSDK", "Assembly-CSharp.csproj", "{93B6C3B2-70BD-697D-E0D6-568E33ACACCB}"
EndProject
Project("{D2E54A8A-0C7E-292E-09E3-2FA0E3A8B2F7}") = "DiveSDK", "Assembly-CSharp-Editor.csproj", "{A2AC19E2-0CBF-DA9F-26CB-FB370309A1C9}"
EndProject
Global
	GlobalSection(SolutionConfigurationPlatforms) = preSolution
		Debug|Any CPU = Debug|Any CPU
		Release|Any CPU = Release|Any CPU
	EndGlobalSection
	GlobalSection(ProjectConfigurationPlatforms) = postSolution
		{93B6C3B2-70BD-697D-E0D6-568E33ACACCB}.Debug|Any CPU.ActiveCfg = Debug|Any CPU
		{93B6C3B2-70BD-697D-E0D6-568E33ACACCB}.Debug|Any CPU.Build.0 = Debug|Any CPU
		{93B6C3B2-70BD-697D-E0D6-568E33ACACCB}.Release|Any CPU.ActiveCfg = Release|Any CPU
		{93B6C3B2-70BD-697D-E0D6-568E33ACACCB}.Release|Any CPU.Build.0 = Release|Any CPU
		{A2AC19E2-0CBF-DA9F-26CB-FB370309A1C9}.Debug|Any CPU.ActiveCfg = Debug|Any CPU
		{A2AC19E2-0CBF-DA9F-26CB-FB370309A1C9}.Debug|Any CPU.Build.0 = Debug|Any CPU
		{A2AC19E2-0CBF-DA9F-26CB-FB370309A1C9}.Release|Any CPU.ActiveCfg = Release|Any CPU
		{A2AC19E2-0CBF-DA9F-26CB-FB370309A1C9}.Release|Any CPU.Build.0 = Release|Any CPU
	EndGlobalSection
	GlobalSection(SolutionProperties) = preSolution
		HideSolutionNode = FALSE
	EndGlobalSection
					GlobalSection(MonoDevelopProperties) = preSolution
		StartupItem = Assembly-CSharp.csproj
		Policies = $0
		$0.TextStylePolicy = $1
		$1.inheritsSet = null
		$1.scope = text/x-csharp
		$0.CSharpFormattingPolicy = $2
		$2.inheritsSet = Mono
		$2.inheritsScope = text/x-csharp
		$2.scope = text/x-csharp
		$0.TextStylePolicy = $3
		$3.FileWidth = 120
		$3.TabWidth = 4
		$3.IndentWidth = 4
		$3.EolMarker = Unix
		$3.inheritsSet = Mono
		$3.inheritsScope = text/plain
		$3.scope = text/plain
	EndGlobalSection

EndGlobal
